// !$*UTF8*$!
{
	archiveVersion = 1;
	classes = {
	};
	objectVersion = 50;
	objects = {

/* Begin PBXBuildFile section */
		440FBB3820F476EB000EE3D2 /* AppDelegate.swift in Sources */ = {isa = PBXBuildFile; fileRef = 440FBB3720F476EB000EE3D2 /* AppDelegate.swift */; };
		440FBB3A20F476EB000EE3D2 /* ViewController.swift in Sources */ = {isa = PBXBuildFile; fileRef = 440FBB3920F476EB000EE3D2 /* ViewController.swift */; };
		440FBB3D20F476EB000EE3D2 /* Main.storyboard in Resources */ = {isa = PBXBuildFile; fileRef = 440FBB3B20F476EB000EE3D2 /* Main.storyboard */; };
		440FBB3F20F476EE000EE3D2 /* Assets.xcassets in Resources */ = {isa = PBXBuildFile; fileRef = 440FBB3E20F476EE000EE3D2 /* Assets.xcassets */; };
		440FBB4220F476EE000EE3D2 /* LaunchScreen.storyboard in Resources */ = {isa = PBXBuildFile; fileRef = 440FBB4020F476EE000EE3D2 /* LaunchScreen.storyboard */; };
		440FBB6C20F477C9000EE3D2 /* LoadingDelegate.swift in Sources */ = {isa = PBXBuildFile; fileRef = 440FBB4C20F477C8000EE3D2 /* LoadingDelegate.swift */; };
		440FBB6E20F477C9000EE3D2 /* DidFailable.swift in Sources */ = {isa = PBXBuildFile; fileRef = 440FBB4E20F477C8000EE3D2 /* DidFailable.swift */; };
		440FBB6F20F477C9000EE3D2 /* HasViewController.swift in Sources */ = {isa = PBXBuildFile; fileRef = 440FBB4F20F477C8000EE3D2 /* HasViewController.swift */; };
		440FBB7020F477C9000EE3D2 /* Popable.swift in Sources */ = {isa = PBXBuildFile; fileRef = 440FBB5020F477C8000EE3D2 /* Popable.swift */; };
		440FBB7120F477C9000EE3D2 /* DisplaysAlert.swift in Sources */ = {isa = PBXBuildFile; fileRef = 440FBB5120F477C8000EE3D2 /* DisplaysAlert.swift */; };
		440FBB7220F477C9000EE3D2 /* PhoneFormatter.swift in Sources */ = {isa = PBXBuildFile; fileRef = 440FBB5320F477C9000EE3D2 /* PhoneFormatter.swift */; };
		440FBB7320F477C9000EE3D2 /* RatingsView.swift in Sources */ = {isa = PBXBuildFile; fileRef = 440FBB5520F477C9000EE3D2 /* RatingsView.swift */; };
		440FBB7420F477C9000EE3D2 /* EmptyContentView.swift in Sources */ = {isa = PBXBuildFile; fileRef = 440FBB5620F477C9000EE3D2 /* EmptyContentView.swift */; };
		440FBB7520F477C9000EE3D2 /* ButtonWithImage.swift in Sources */ = {isa = PBXBuildFile; fileRef = 440FBB5720F477C9000EE3D2 /* ButtonWithImage.swift */; };
		440FBB7620F477C9000EE3D2 /* Alerts.swift in Sources */ = {isa = PBXBuildFile; fileRef = 440FBB5820F477C9000EE3D2 /* Alerts.swift */; };
		440FBB7720F477C9000EE3D2 /* MonsterStepper.swift in Sources */ = {isa = PBXBuildFile; fileRef = 440FBB5920F477C9000EE3D2 /* MonsterStepper.swift */; };
		440FBB7920F477C9000EE3D2 /* Command.swift in Sources */ = {isa = PBXBuildFile; fileRef = 440FBB5C20F477C9000EE3D2 /* Command.swift */; };
		440FBB7A20F477C9000EE3D2 /* UITextViewPlaceholder.swift in Sources */ = {isa = PBXBuildFile; fileRef = 440FBB5E20F477C9000EE3D2 /* UITextViewPlaceholder.swift */; };
		440FBB7B20F477C9000EE3D2 /* UIView+bottomEdgeView.swift in Sources */ = {isa = PBXBuildFile; fileRef = 440FBB5F20F477C9000EE3D2 /* UIView+bottomEdgeView.swift */; };
		440FBB7C20F477C9000EE3D2 /* UIStackView+addArrSubViews.swift in Sources */ = {isa = PBXBuildFile; fileRef = 440FBB6020F477C9000EE3D2 /* UIStackView+addArrSubViews.swift */; };
		440FBB7D20F477C9000EE3D2 /* UIColor+hexString.swift in Sources */ = {isa = PBXBuildFile; fileRef = 440FBB6120F477C9000EE3D2 /* UIColor+hexString.swift */; };
		440FBB7E20F477C9000EE3D2 /* UIStackView+backgroundColor.swift in Sources */ = {isa = PBXBuildFile; fileRef = 440FBB6220F477C9000EE3D2 /* UIStackView+backgroundColor.swift */; };
		440FBB7F20F477C9000EE3D2 /* UIViewController+StoryboardLoading.swift in Sources */ = {isa = PBXBuildFile; fileRef = 440FBB6320F477C9000EE3D2 /* UIViewController+StoryboardLoading.swift */; };
		440FBB8020F477C9000EE3D2 /* Optional+Unwrap.swift in Sources */ = {isa = PBXBuildFile; fileRef = 440FBB6420F477C9000EE3D2 /* Optional+Unwrap.swift */; };
		440FBB8120F477C9000EE3D2 /* UIEdgeInsets+Inits.swift in Sources */ = {isa = PBXBuildFile; fileRef = 440FBB6520F477C9000EE3D2 /* UIEdgeInsets+Inits.swift */; };
		440FBB8220F477C9000EE3D2 /* String+Components.swift in Sources */ = {isa = PBXBuildFile; fileRef = 440FBB6620F477C9000EE3D2 /* String+Components.swift */; };
		440FBB8320F477C9000EE3D2 /* UIStackView+createBorder.swift in Sources */ = {isa = PBXBuildFile; fileRef = 440FBB6720F477C9000EE3D2 /* UIStackView+createBorder.swift */; };
		440FBB8420F477C9000EE3D2 /* UIView+anchorViews.swift in Sources */ = {isa = PBXBuildFile; fileRef = 440FBB6820F477C9000EE3D2 /* UIView+anchorViews.swift */; };
		440FBB8620F477C9000EE3D2 /* Style.swift in Sources */ = {isa = PBXBuildFile; fileRef = 440FBB6A20F477C9000EE3D2 /* Style.swift */; };
		442CE938228466AE008E0C93 /* SharedCodeFramework.h in Headers */ = {isa = PBXBuildFile; fileRef = 442CE936228466AE008E0C93 /* SharedCodeFramework.h */; settings = {ATTRIBUTES = (Public, ); }; };
		442CE97A22846DD4008E0C93 /* GenericView.swift in Sources */ = {isa = PBXBuildFile; fileRef = 44B5F9FE20F5CB5E000DA324 /* GenericView.swift */; };
		442CE97B22846DD4008E0C93 /* Renderable.swift in Sources */ = {isa = PBXBuildFile; fileRef = 44B5FA0020F5CB5E000DA324 /* Renderable.swift */; };
		442CE97C22846DD4008E0C93 /* UIViewLayout.swift in Sources */ = {isa = PBXBuildFile; fileRef = 44B5FA0120F5CB5E000DA324 /* UIViewLayout.swift */; };
		442CE97D22846DD4008E0C93 /* GenericCell.swift in Sources */ = {isa = PBXBuildFile; fileRef = 4468F51B21428973009B3143 /* GenericCell.swift */; };
		442CE97E22846DD4008E0C93 /* Command.swift in Sources */ = {isa = PBXBuildFile; fileRef = 440FBB5C20F477C9000EE3D2 /* Command.swift */; };
		442CE97F22846DD4008E0C93 /* Style.swift in Sources */ = {isa = PBXBuildFile; fileRef = 440FBB6A20F477C9000EE3D2 /* Style.swift */; };
		442CE98022846DD4008E0C93 /* UIView+anchorViews.swift in Sources */ = {isa = PBXBuildFile; fileRef = 440FBB6820F477C9000EE3D2 /* UIView+anchorViews.swift */; };
		442CE98122846DD4008E0C93 /* UIView+Constraints.swift in Sources */ = {isa = PBXBuildFile; fileRef = 44B5F9DB20F5BB72000DA324 /* UIView+Constraints.swift */; };
		442CE98222846DD4008E0C93 /* UIKit+StyleInits.swift in Sources */ = {isa = PBXBuildFile; fileRef = 44B5F9FF20F5CB5E000DA324 /* UIKit+StyleInits.swift */; };
		442CE98322846DD4008E0C93 /* UITextViewPlaceholder.swift in Sources */ = {isa = PBXBuildFile; fileRef = 440FBB5E20F477C9000EE3D2 /* UITextViewPlaceholder.swift */; };
		442CE98422846DD4008E0C93 /* UIView+bottomEdgeView.swift in Sources */ = {isa = PBXBuildFile; fileRef = 440FBB5F20F477C9000EE3D2 /* UIView+bottomEdgeView.swift */; };
		442CE98522846DD4008E0C93 /* UIStackView+addArrSubViews.swift in Sources */ = {isa = PBXBuildFile; fileRef = 440FBB6020F477C9000EE3D2 /* UIStackView+addArrSubViews.swift */; };
		442CE98622846DD4008E0C93 /* UIColor+hexString.swift in Sources */ = {isa = PBXBuildFile; fileRef = 440FBB6120F477C9000EE3D2 /* UIColor+hexString.swift */; };
		442CE98722846DD4008E0C93 /* UIStackView+backgroundColor.swift in Sources */ = {isa = PBXBuildFile; fileRef = 440FBB6220F477C9000EE3D2 /* UIStackView+backgroundColor.swift */; };
		442CE98822846DD4008E0C93 /* UIViewController+StoryboardLoading.swift in Sources */ = {isa = PBXBuildFile; fileRef = 440FBB6320F477C9000EE3D2 /* UIViewController+StoryboardLoading.swift */; };
		442CE98922846DD4008E0C93 /* Optional+Unwrap.swift in Sources */ = {isa = PBXBuildFile; fileRef = 440FBB6420F477C9000EE3D2 /* Optional+Unwrap.swift */; };
		442CE98A22846DD4008E0C93 /* UIEdgeInsets+Inits.swift in Sources */ = {isa = PBXBuildFile; fileRef = 440FBB6520F477C9000EE3D2 /* UIEdgeInsets+Inits.swift */; };
		442CE98B22846DD4008E0C93 /* String+Components.swift in Sources */ = {isa = PBXBuildFile; fileRef = 440FBB6620F477C9000EE3D2 /* String+Components.swift */; };
		442CE98C22846DD4008E0C93 /* UIStackView+createBorder.swift in Sources */ = {isa = PBXBuildFile; fileRef = 440FBB6720F477C9000EE3D2 /* UIStackView+createBorder.swift */; };
		442CE98D22846DD4008E0C93 /* LoadingDelegate.swift in Sources */ = {isa = PBXBuildFile; fileRef = 440FBB4C20F477C8000EE3D2 /* LoadingDelegate.swift */; };
		442CE98E22846DD4008E0C93 /* DidFailable.swift in Sources */ = {isa = PBXBuildFile; fileRef = 440FBB4E20F477C8000EE3D2 /* DidFailable.swift */; };
		442CE98F22846DD4008E0C93 /* Popable.swift in Sources */ = {isa = PBXBuildFile; fileRef = 440FBB5020F477C8000EE3D2 /* Popable.swift */; };
		442CE99022846DD4008E0C93 /* HasViewController.swift in Sources */ = {isa = PBXBuildFile; fileRef = 440FBB4F20F477C8000EE3D2 /* HasViewController.swift */; };
		442CE99122846DD4008E0C93 /* DisplaysAlert.swift in Sources */ = {isa = PBXBuildFile; fileRef = 440FBB5120F477C8000EE3D2 /* DisplaysAlert.swift */; };
		442CE99222846DD4008E0C93 /* PhoneFormatter.swift in Sources */ = {isa = PBXBuildFile; fileRef = 440FBB5320F477C9000EE3D2 /* PhoneFormatter.swift */; };
		442CE99322846DD4008E0C93 /* RatingsView.swift in Sources */ = {isa = PBXBuildFile; fileRef = 440FBB5520F477C9000EE3D2 /* RatingsView.swift */; };
		442CE99422846DD4008E0C93 /* EmptyContentView.swift in Sources */ = {isa = PBXBuildFile; fileRef = 440FBB5620F477C9000EE3D2 /* EmptyContentView.swift */; };
		442CE99522846DD4008E0C93 /* ButtonWithImage.swift in Sources */ = {isa = PBXBuildFile; fileRef = 440FBB5720F477C9000EE3D2 /* ButtonWithImage.swift */; };
		442CE99622846DD4008E0C93 /* Alerts.swift in Sources */ = {isa = PBXBuildFile; fileRef = 440FBB5820F477C9000EE3D2 /* Alerts.swift */; };
		442CE99722846DD4008E0C93 /* MonsterStepper.swift in Sources */ = {isa = PBXBuildFile; fileRef = 440FBB5920F477C9000EE3D2 /* MonsterStepper.swift */; };
		4468F51C21428974009B3143 /* GenericCell.swift in Sources */ = {isa = PBXBuildFile; fileRef = 4468F51B21428973009B3143 /* GenericCell.swift */; };
		44B5F9DC20F5BB72000DA324 /* UIView+Constraints.swift in Sources */ = {isa = PBXBuildFile; fileRef = 44B5F9DB20F5BB72000DA324 /* UIView+Constraints.swift */; };
		44B5FA0220F5CB5E000DA324 /* GenericView.swift in Sources */ = {isa = PBXBuildFile; fileRef = 44B5F9FE20F5CB5E000DA324 /* GenericView.swift */; };
		44B5FA0320F5CB5E000DA324 /* UIKit+StyleInits.swift in Sources */ = {isa = PBXBuildFile; fileRef = 44B5F9FF20F5CB5E000DA324 /* UIKit+StyleInits.swift */; };
		44B5FA0420F5CB5E000DA324 /* Renderable.swift in Sources */ = {isa = PBXBuildFile; fileRef = 44B5FA0020F5CB5E000DA324 /* Renderable.swift */; };
		44B5FA0520F5CB5E000DA324 /* UIViewLayout.swift in Sources */ = {isa = PBXBuildFile; fileRef = 44B5FA0120F5CB5E000DA324 /* UIViewLayout.swift */; };
		44CC3BAF229010CC00DE8542 /* RootError.swift in Sources */ = {isa = PBXBuildFile; fileRef = 44CC3BAC229010CC00DE8542 /* RootError.swift */; };
		44CC3BB0229010CC00DE8542 /* BaseService.swift in Sources */ = {isa = PBXBuildFile; fileRef = 44CC3BAD229010CC00DE8542 /* BaseService.swift */; };
		44CC3BB1229010CC00DE8542 /* ServerError.swift in Sources */ = {isa = PBXBuildFile; fileRef = 44CC3BAE229010CC00DE8542 /* ServerError.swift */; };
/* End PBXBuildFile section */

/* Begin PBXFileReference section */
		440FBB3420F476EB000EE3D2 /* SharedCode.app */ = {isa = PBXFileReference; explicitFileType = wrapper.application; includeInIndex = 0; path = SharedCode.app; sourceTree = BUILT_PRODUCTS_DIR; };
		440FBB3720F476EB000EE3D2 /* AppDelegate.swift */ = {isa = PBXFileReference; lastKnownFileType = sourcecode.swift; path = AppDelegate.swift; sourceTree = "<group>"; };
		440FBB3920F476EB000EE3D2 /* ViewController.swift */ = {isa = PBXFileReference; lastKnownFileType = sourcecode.swift; path = ViewController.swift; sourceTree = "<group>"; };
		440FBB3C20F476EB000EE3D2 /* Base */ = {isa = PBXFileReference; lastKnownFileType = file.storyboard; name = Base; path = Base.lproj/Main.storyboard; sourceTree = "<group>"; };
		440FBB3E20F476EE000EE3D2 /* Assets.xcassets */ = {isa = PBXFileReference; lastKnownFileType = folder.assetcatalog; path = Assets.xcassets; sourceTree = "<group>"; };
		440FBB4120F476EE000EE3D2 /* Base */ = {isa = PBXFileReference; lastKnownFileType = file.storyboard; name = Base; path = Base.lproj/LaunchScreen.storyboard; sourceTree = "<group>"; };
		440FBB4320F476EE000EE3D2 /* Info.plist */ = {isa = PBXFileReference; lastKnownFileType = text.plist.xml; path = Info.plist; sourceTree = "<group>"; };
		440FBB4C20F477C8000EE3D2 /* LoadingDelegate.swift */ = {isa = PBXFileReference; fileEncoding = 4; lastKnownFileType = sourcecode.swift; path = LoadingDelegate.swift; sourceTree = "<group>"; };
		440FBB4E20F477C8000EE3D2 /* DidFailable.swift */ = {isa = PBXFileReference; fileEncoding = 4; lastKnownFileType = sourcecode.swift; path = DidFailable.swift; sourceTree = "<group>"; };
		440FBB4F20F477C8000EE3D2 /* HasViewController.swift */ = {isa = PBXFileReference; fileEncoding = 4; lastKnownFileType = sourcecode.swift; path = HasViewController.swift; sourceTree = "<group>"; };
		440FBB5020F477C8000EE3D2 /* Popable.swift */ = {isa = PBXFileReference; fileEncoding = 4; lastKnownFileType = sourcecode.swift; path = Popable.swift; sourceTree = "<group>"; };
		440FBB5120F477C8000EE3D2 /* DisplaysAlert.swift */ = {isa = PBXFileReference; fileEncoding = 4; lastKnownFileType = sourcecode.swift; path = DisplaysAlert.swift; sourceTree = "<group>"; };
		440FBB5320F477C9000EE3D2 /* PhoneFormatter.swift */ = {isa = PBXFileReference; fileEncoding = 4; lastKnownFileType = sourcecode.swift; path = PhoneFormatter.swift; sourceTree = "<group>"; };
		440FBB5520F477C9000EE3D2 /* RatingsView.swift */ = {isa = PBXFileReference; fileEncoding = 4; lastKnownFileType = sourcecode.swift; path = RatingsView.swift; sourceTree = "<group>"; };
		440FBB5620F477C9000EE3D2 /* EmptyContentView.swift */ = {isa = PBXFileReference; fileEncoding = 4; lastKnownFileType = sourcecode.swift; path = EmptyContentView.swift; sourceTree = "<group>"; };
		440FBB5720F477C9000EE3D2 /* ButtonWithImage.swift */ = {isa = PBXFileReference; fileEncoding = 4; lastKnownFileType = sourcecode.swift; path = ButtonWithImage.swift; sourceTree = "<group>"; };
		440FBB5820F477C9000EE3D2 /* Alerts.swift */ = {isa = PBXFileReference; fileEncoding = 4; lastKnownFileType = sourcecode.swift; path = Alerts.swift; sourceTree = "<group>"; };
		440FBB5920F477C9000EE3D2 /* MonsterStepper.swift */ = {isa = PBXFileReference; fileEncoding = 4; lastKnownFileType = sourcecode.swift; path = MonsterStepper.swift; sourceTree = "<group>"; };
		440FBB5C20F477C9000EE3D2 /* Command.swift */ = {isa = PBXFileReference; fileEncoding = 4; lastKnownFileType = sourcecode.swift; path = Command.swift; sourceTree = "<group>"; };
		440FBB5E20F477C9000EE3D2 /* UITextViewPlaceholder.swift */ = {isa = PBXFileReference; fileEncoding = 4; lastKnownFileType = sourcecode.swift; path = UITextViewPlaceholder.swift; sourceTree = "<group>"; };
		440FBB5F20F477C9000EE3D2 /* UIView+bottomEdgeView.swift */ = {isa = PBXFileReference; fileEncoding = 4; lastKnownFileType = sourcecode.swift; path = "UIView+bottomEdgeView.swift"; sourceTree = "<group>"; };
		440FBB6020F477C9000EE3D2 /* UIStackView+addArrSubViews.swift */ = {isa = PBXFileReference; fileEncoding = 4; lastKnownFileType = sourcecode.swift; path = "UIStackView+addArrSubViews.swift"; sourceTree = "<group>"; };
		440FBB6120F477C9000EE3D2 /* UIColor+hexString.swift */ = {isa = PBXFileReference; fileEncoding = 4; lastKnownFileType = sourcecode.swift; path = "UIColor+hexString.swift"; sourceTree = "<group>"; };
		440FBB6220F477C9000EE3D2 /* UIStackView+backgroundColor.swift */ = {isa = PBXFileReference; fileEncoding = 4; lastKnownFileType = sourcecode.swift; path = "UIStackView+backgroundColor.swift"; sourceTree = "<group>"; };
		440FBB6320F477C9000EE3D2 /* UIViewController+StoryboardLoading.swift */ = {isa = PBXFileReference; fileEncoding = 4; lastKnownFileType = sourcecode.swift; path = "UIViewController+StoryboardLoading.swift"; sourceTree = "<group>"; };
		440FBB6420F477C9000EE3D2 /* Optional+Unwrap.swift */ = {isa = PBXFileReference; fileEncoding = 4; lastKnownFileType = sourcecode.swift; path = "Optional+Unwrap.swift"; sourceTree = "<group>"; };
		440FBB6520F477C9000EE3D2 /* UIEdgeInsets+Inits.swift */ = {isa = PBXFileReference; fileEncoding = 4; lastKnownFileType = sourcecode.swift; path = "UIEdgeInsets+Inits.swift"; sourceTree = "<group>"; };
		440FBB6620F477C9000EE3D2 /* String+Components.swift */ = {isa = PBXFileReference; fileEncoding = 4; lastKnownFileType = sourcecode.swift; path = "String+Components.swift"; sourceTree = "<group>"; };
		440FBB6720F477C9000EE3D2 /* UIStackView+createBorder.swift */ = {isa = PBXFileReference; fileEncoding = 4; lastKnownFileType = sourcecode.swift; path = "UIStackView+createBorder.swift"; sourceTree = "<group>"; };
		440FBB6820F477C9000EE3D2 /* UIView+anchorViews.swift */ = {isa = PBXFileReference; fileEncoding = 4; lastKnownFileType = sourcecode.swift; path = "UIView+anchorViews.swift"; sourceTree = "<group>"; };
		440FBB6A20F477C9000EE3D2 /* Style.swift */ = {isa = PBXFileReference; fileEncoding = 4; lastKnownFileType = sourcecode.swift; path = Style.swift; sourceTree = "<group>"; };
		442CE934228466AE008E0C93 /* SharedCodeFramework.framework */ = {isa = PBXFileReference; explicitFileType = wrapper.framework; includeInIndex = 0; path = SharedCodeFramework.framework; sourceTree = BUILT_PRODUCTS_DIR; };
		442CE936228466AE008E0C93 /* SharedCodeFramework.h */ = {isa = PBXFileReference; lastKnownFileType = sourcecode.c.h; path = SharedCodeFramework.h; sourceTree = "<group>"; };
		442CE937228466AE008E0C93 /* Info.plist */ = {isa = PBXFileReference; lastKnownFileType = text.plist.xml; path = Info.plist; sourceTree = "<group>"; };
		4468F51B21428973009B3143 /* GenericCell.swift */ = {isa = PBXFileReference; fileEncoding = 4; lastKnownFileType = sourcecode.swift; path = GenericCell.swift; sourceTree = "<group>"; };
		44B5F9DB20F5BB72000DA324 /* UIView+Constraints.swift */ = {isa = PBXFileReference; lastKnownFileType = sourcecode.swift; path = "UIView+Constraints.swift"; sourceTree = "<group>"; };
		44B5F9FE20F5CB5E000DA324 /* GenericView.swift */ = {isa = PBXFileReference; fileEncoding = 4; lastKnownFileType = sourcecode.swift; path = GenericView.swift; sourceTree = "<group>"; };
		44B5F9FF20F5CB5E000DA324 /* UIKit+StyleInits.swift */ = {isa = PBXFileReference; fileEncoding = 4; lastKnownFileType = sourcecode.swift; path = "UIKit+StyleInits.swift"; sourceTree = "<group>"; };
		44B5FA0020F5CB5E000DA324 /* Renderable.swift */ = {isa = PBXFileReference; fileEncoding = 4; lastKnownFileType = sourcecode.swift; path = Renderable.swift; sourceTree = "<group>"; };
		44B5FA0120F5CB5E000DA324 /* UIViewLayout.swift */ = {isa = PBXFileReference; fileEncoding = 4; lastKnownFileType = sourcecode.swift; path = UIViewLayout.swift; sourceTree = "<group>"; };
		44CC3BAC229010CC00DE8542 /* RootError.swift */ = {isa = PBXFileReference; fileEncoding = 4; lastKnownFileType = sourcecode.swift; path = RootError.swift; sourceTree = "<group>"; };
		44CC3BAD229010CC00DE8542 /* BaseService.swift */ = {isa = PBXFileReference; fileEncoding = 4; lastKnownFileType = sourcecode.swift; path = BaseService.swift; sourceTree = "<group>"; };
		44CC3BAE229010CC00DE8542 /* ServerError.swift */ = {isa = PBXFileReference; fileEncoding = 4; lastKnownFileType = sourcecode.swift; path = ServerError.swift; sourceTree = "<group>"; };
/* End PBXFileReference section */

/* Begin PBXFrameworksBuildPhase section */
		440FBB3120F476EB000EE3D2 /* Frameworks */ = {
			isa = PBXFrameworksBuildPhase;
			buildActionMask = 2147483647;
			files = (
			);
			runOnlyForDeploymentPostprocessing = 0;
		};
		442CE931228466AE008E0C93 /* Frameworks */ = {
			isa = PBXFrameworksBuildPhase;
			buildActionMask = 2147483647;
			files = (
			);
			runOnlyForDeploymentPostprocessing = 0;
		};
/* End PBXFrameworksBuildPhase section */

/* Begin PBXGroup section */
		440FBB2B20F476EB000EE3D2 = {
			isa = PBXGroup;
			children = (
				440FBB4920F47704000EE3D2 /* Start */,
				440FBB3620F476EB000EE3D2 /* SharedCode */,
				442CE935228466AE008E0C93 /* SharedCodeFramework */,
				440FBB3520F476EB000EE3D2 /* Products */,
			);
			sourceTree = "<group>";
		};
		440FBB3520F476EB000EE3D2 /* Products */ = {
			isa = PBXGroup;
			children = (
				440FBB3420F476EB000EE3D2 /* SharedCode.app */,
				442CE934228466AE008E0C93 /* SharedCodeFramework.framework */,
			);
			name = Products;
			sourceTree = "<group>";
		};
		440FBB3620F476EB000EE3D2 /* SharedCode */ = {
			isa = PBXGroup;
			children = (
				44CC3BAB2290109700DE8542 /* Moya */,
				44B5F9E320F5BCC3000DA324 /* GenericView */,
				440FBB5B20F477C9000EE3D2 /* Core */,
				440FBB4A20F477C8000EE3D2 /* Protocols */,
				440FBB5220F477C9000EE3D2 /* Helpers */,
				440FBB5420F477C9000EE3D2 /* Views */,
			);
			path = SharedCode;
			sourceTree = "<group>";
		};
		440FBB4920F47704000EE3D2 /* Start */ = {
			isa = PBXGroup;
			children = (
				440FBB3920F476EB000EE3D2 /* ViewController.swift */,
				440FBB3E20F476EE000EE3D2 /* Assets.xcassets */,
				440FBB4020F476EE000EE3D2 /* LaunchScreen.storyboard */,
				440FBB4320F476EE000EE3D2 /* Info.plist */,
				440FBB3B20F476EB000EE3D2 /* Main.storyboard */,
				440FBB3720F476EB000EE3D2 /* AppDelegate.swift */,
			);
			path = Start;
			sourceTree = "<group>";
		};
		440FBB4A20F477C8000EE3D2 /* Protocols */ = {
			isa = PBXGroup;
			children = (
				440FBB4C20F477C8000EE3D2 /* LoadingDelegate.swift */,
				440FBB4E20F477C8000EE3D2 /* DidFailable.swift */,
				440FBB5020F477C8000EE3D2 /* Popable.swift */,
				440FBB4F20F477C8000EE3D2 /* HasViewController.swift */,
				440FBB5120F477C8000EE3D2 /* DisplaysAlert.swift */,
			);
			path = Protocols;
			sourceTree = "<group>";
		};
		440FBB5220F477C9000EE3D2 /* Helpers */ = {
			isa = PBXGroup;
			children = (
				440FBB5320F477C9000EE3D2 /* PhoneFormatter.swift */,
			);
			path = Helpers;
			sourceTree = "<group>";
		};
		440FBB5420F477C9000EE3D2 /* Views */ = {
			isa = PBXGroup;
			children = (
				440FBB5520F477C9000EE3D2 /* RatingsView.swift */,
				440FBB5620F477C9000EE3D2 /* EmptyContentView.swift */,
				440FBB5720F477C9000EE3D2 /* ButtonWithImage.swift */,
				440FBB5820F477C9000EE3D2 /* Alerts.swift */,
				440FBB5920F477C9000EE3D2 /* MonsterStepper.swift */,
			);
			path = Views;
			sourceTree = "<group>";
		};
		440FBB5B20F477C9000EE3D2 /* Core */ = {
			isa = PBXGroup;
			children = (
				440FBB5C20F477C9000EE3D2 /* Command.swift */,
				440FBB6A20F477C9000EE3D2 /* Style.swift */,
				44B5F9D920F5B9B0000DA324 /* AutolayoutMiniWrapper */,
				440FBB5D20F477C9000EE3D2 /* Extensions */,
			);
			path = Core;
			sourceTree = "<group>";
		};
		440FBB5D20F477C9000EE3D2 /* Extensions */ = {
			isa = PBXGroup;
			children = (
				44B5F9FF20F5CB5E000DA324 /* UIKit+StyleInits.swift */,
				440FBB5E20F477C9000EE3D2 /* UITextViewPlaceholder.swift */,
				440FBB5F20F477C9000EE3D2 /* UIView+bottomEdgeView.swift */,
				440FBB6020F477C9000EE3D2 /* UIStackView+addArrSubViews.swift */,
				440FBB6120F477C9000EE3D2 /* UIColor+hexString.swift */,
				440FBB6220F477C9000EE3D2 /* UIStackView+backgroundColor.swift */,
				440FBB6320F477C9000EE3D2 /* UIViewController+StoryboardLoading.swift */,
				440FBB6420F477C9000EE3D2 /* Optional+Unwrap.swift */,
				440FBB6520F477C9000EE3D2 /* UIEdgeInsets+Inits.swift */,
				440FBB6620F477C9000EE3D2 /* String+Components.swift */,
				440FBB6720F477C9000EE3D2 /* UIStackView+createBorder.swift */,
			);
			path = Extensions;
			sourceTree = "<group>";
		};
		442CE935228466AE008E0C93 /* SharedCodeFramework */ = {
			isa = PBXGroup;
			children = (
				442CE936228466AE008E0C93 /* SharedCodeFramework.h */,
				442CE937228466AE008E0C93 /* Info.plist */,
			);
			path = SharedCodeFramework;
			sourceTree = "<group>";
		};
		44B5F9D920F5B9B0000DA324 /* AutolayoutMiniWrapper */ = {
			isa = PBXGroup;
			children = (
				440FBB6820F477C9000EE3D2 /* UIView+anchorViews.swift */,
				44B5F9DB20F5BB72000DA324 /* UIView+Constraints.swift */,
			);
			path = AutolayoutMiniWrapper;
			sourceTree = "<group>";
		};
		44B5F9E320F5BCC3000DA324 /* GenericView */ = {
			isa = PBXGroup;
			children = (
				44B5F9FE20F5CB5E000DA324 /* GenericView.swift */,
				44B5FA0020F5CB5E000DA324 /* Renderable.swift */,
				44B5FA0120F5CB5E000DA324 /* UIViewLayout.swift */,
				4468F51B21428973009B3143 /* GenericCell.swift */,
			);
			path = GenericView;
			sourceTree = "<group>";
		};
		44CC3BAB2290109700DE8542 /* Moya */ = {
			isa = PBXGroup;
			children = (
				44CC3BAD229010CC00DE8542 /* BaseService.swift */,
				44CC3BAC229010CC00DE8542 /* RootError.swift */,
				44CC3BAE229010CC00DE8542 /* ServerError.swift */,
			);
			path = Moya;
			sourceTree = "<group>";
		};
/* End PBXGroup section */

/* Begin PBXHeadersBuildPhase section */
		442CE92F228466AE008E0C93 /* Headers */ = {
			isa = PBXHeadersBuildPhase;
			buildActionMask = 2147483647;
			files = (
				442CE938228466AE008E0C93 /* SharedCodeFramework.h in Headers */,
			);
			runOnlyForDeploymentPostprocessing = 0;
		};
/* End PBXHeadersBuildPhase section */

/* Begin PBXNativeTarget section */
		440FBB3320F476EB000EE3D2 /* SharedCode */ = {
			isa = PBXNativeTarget;
			buildConfigurationList = 440FBB4620F476EE000EE3D2 /* Build configuration list for PBXNativeTarget "SharedCode" */;
			buildPhases = (
				440FBB3020F476EB000EE3D2 /* Sources */,
				440FBB3120F476EB000EE3D2 /* Frameworks */,
				440FBB3220F476EB000EE3D2 /* Resources */,
			);
			buildRules = (
			);
			dependencies = (
			);
			name = SharedCode;
			productName = SharedCode;
			productReference = 440FBB3420F476EB000EE3D2 /* SharedCode.app */;
			productType = "com.apple.product-type.application";
		};
		442CE933228466AE008E0C93 /* SharedCodeFramework */ = {
			isa = PBXNativeTarget;
			buildConfigurationList = 442CE939228466AE008E0C93 /* Build configuration list for PBXNativeTarget "SharedCodeFramework" */;
			buildPhases = (
				442CE92F228466AE008E0C93 /* Headers */,
				442CE930228466AE008E0C93 /* Sources */,
				442CE931228466AE008E0C93 /* Frameworks */,
				442CE932228466AE008E0C93 /* Resources */,
			);
			buildRules = (
			);
			dependencies = (
			);
			name = SharedCodeFramework;
			productName = SharedCodeFramework;
			productReference = 442CE934228466AE008E0C93 /* SharedCodeFramework.framework */;
			productType = "com.apple.product-type.framework";
		};
/* End PBXNativeTarget section */

/* Begin PBXProject section */
		440FBB2C20F476EB000EE3D2 /* Project object */ = {
			isa = PBXProject;
			attributes = {
				LastSwiftUpdateCheck = 0940;
				LastUpgradeCheck = 0940;
				ORGANIZATIONNAME = Lobster;
				TargetAttributes = {
					440FBB3320F476EB000EE3D2 = {
						CreatedOnToolsVersion = 9.4.1;
					};
					442CE933228466AE008E0C93 = {
						CreatedOnToolsVersion = 10.1;
					};
				};
			};
			buildConfigurationList = 440FBB2F20F476EB000EE3D2 /* Build configuration list for PBXProject "SharedCode" */;
			compatibilityVersion = "Xcode 9.3";
			developmentRegion = en;
			hasScannedForEncodings = 0;
			knownRegions = (
				en,
				Base,
			);
			mainGroup = 440FBB2B20F476EB000EE3D2;
			productRefGroup = 440FBB3520F476EB000EE3D2 /* Products */;
			projectDirPath = "";
			projectRoot = "";
			targets = (
				440FBB3320F476EB000EE3D2 /* SharedCode */,
				442CE933228466AE008E0C93 /* SharedCodeFramework */,
			);
		};
/* End PBXProject section */

/* Begin PBXResourcesBuildPhase section */
		440FBB3220F476EB000EE3D2 /* Resources */ = {
			isa = PBXResourcesBuildPhase;
			buildActionMask = 2147483647;
			files = (
				440FBB4220F476EE000EE3D2 /* LaunchScreen.storyboard in Resources */,
				440FBB3F20F476EE000EE3D2 /* Assets.xcassets in Resources */,
				440FBB3D20F476EB000EE3D2 /* Main.storyboard in Resources */,
			);
			runOnlyForDeploymentPostprocessing = 0;
		};
		442CE932228466AE008E0C93 /* Resources */ = {
			isa = PBXResourcesBuildPhase;
			buildActionMask = 2147483647;
			files = (
			);
			runOnlyForDeploymentPostprocessing = 0;
		};
/* End PBXResourcesBuildPhase section */

/* Begin PBXSourcesBuildPhase section */
		440FBB3020F476EB000EE3D2 /* Sources */ = {
			isa = PBXSourcesBuildPhase;
			buildActionMask = 2147483647;
			files = (
				440FBB7920F477C9000EE3D2 /* Command.swift in Sources */,
				440FBB7120F477C9000EE3D2 /* DisplaysAlert.swift in Sources */,
				44B5FA0320F5CB5E000DA324 /* UIKit+StyleInits.swift in Sources */,
				440FBB3A20F476EB000EE3D2 /* ViewController.swift in Sources */,
				440FBB7A20F477C9000EE3D2 /* UITextViewPlaceholder.swift in Sources */,
				44B5FA0420F5CB5E000DA324 /* Renderable.swift in Sources */,
				44CC3BAF229010CC00DE8542 /* RootError.swift in Sources */,
				440FBB7420F477C9000EE3D2 /* EmptyContentView.swift in Sources */,
				440FBB6E20F477C9000EE3D2 /* DidFailable.swift in Sources */,
				440FBB7C20F477C9000EE3D2 /* UIStackView+addArrSubViews.swift in Sources */,
				4468F51C21428974009B3143 /* GenericCell.swift in Sources */,
				44B5FA0220F5CB5E000DA324 /* GenericView.swift in Sources */,
				44CC3BB0229010CC00DE8542 /* BaseService.swift in Sources */,
				440FBB7B20F477C9000EE3D2 /* UIView+bottomEdgeView.swift in Sources */,
				440FBB7D20F477C9000EE3D2 /* UIColor+hexString.swift in Sources */,
				440FBB6C20F477C9000EE3D2 /* LoadingDelegate.swift in Sources */,
				440FBB7020F477C9000EE3D2 /* Popable.swift in Sources */,
				440FBB3820F476EB000EE3D2 /* AppDelegate.swift in Sources */,
				440FBB7E20F477C9000EE3D2 /* UIStackView+backgroundColor.swift in Sources */,
				440FBB8020F477C9000EE3D2 /* Optional+Unwrap.swift in Sources */,
				44CC3BB1229010CC00DE8542 /* ServerError.swift in Sources */,
				440FBB8320F477C9000EE3D2 /* UIStackView+createBorder.swift in Sources */,
				440FBB6F20F477C9000EE3D2 /* HasViewController.swift in Sources */,
				440FBB7320F477C9000EE3D2 /* RatingsView.swift in Sources */,
				440FBB8620F477C9000EE3D2 /* Style.swift in Sources */,
				440FBB7720F477C9000EE3D2 /* MonsterStepper.swift in Sources */,
				440FBB8120F477C9000EE3D2 /* UIEdgeInsets+Inits.swift in Sources */,
				440FBB8420F477C9000EE3D2 /* UIView+anchorViews.swift in Sources */,
				440FBB7520F477C9000EE3D2 /* ButtonWithImage.swift in Sources */,
				44B5FA0520F5CB5E000DA324 /* UIViewLayout.swift in Sources */,
				440FBB7620F477C9000EE3D2 /* Alerts.swift in Sources */,
				440FBB7220F477C9000EE3D2 /* PhoneFormatter.swift in Sources */,
				440FBB8220F477C9000EE3D2 /* String+Components.swift in Sources */,
				440FBB7F20F477C9000EE3D2 /* UIViewController+StoryboardLoading.swift in Sources */,
				44B5F9DC20F5BB72000DA324 /* UIView+Constraints.swift in Sources */,
			);
			runOnlyForDeploymentPostprocessing = 0;
		};
		442CE930228466AE008E0C93 /* Sources */ = {
			isa = PBXSourcesBuildPhase;
			buildActionMask = 2147483647;
			files = (
				442CE97A22846DD4008E0C93 /* GenericView.swift in Sources */,
				442CE97B22846DD4008E0C93 /* Renderable.swift in Sources */,
				442CE97C22846DD4008E0C93 /* UIViewLayout.swift in Sources */,
				442CE97D22846DD4008E0C93 /* GenericCell.swift in Sources */,
				442CE97E22846DD4008E0C93 /* Command.swift in Sources */,
				442CE97F22846DD4008E0C93 /* Style.swift in Sources */,
				442CE98022846DD4008E0C93 /* UIView+anchorViews.swift in Sources */,
				442CE98122846DD4008E0C93 /* UIView+Constraints.swift in Sources */,
				442CE98222846DD4008E0C93 /* UIKit+StyleInits.swift in Sources */,
				442CE98322846DD4008E0C93 /* UITextViewPlaceholder.swift in Sources */,
				442CE98422846DD4008E0C93 /* UIView+bottomEdgeView.swift in Sources */,
				442CE98522846DD4008E0C93 /* UIStackView+addArrSubViews.swift in Sources */,
				442CE98622846DD4008E0C93 /* UIColor+hexString.swift in Sources */,
				442CE98722846DD4008E0C93 /* UIStackView+backgroundColor.swift in Sources */,
				442CE98822846DD4008E0C93 /* UIViewController+StoryboardLoading.swift in Sources */,
				442CE98922846DD4008E0C93 /* Optional+Unwrap.swift in Sources */,
				442CE98A22846DD4008E0C93 /* UIEdgeInsets+Inits.swift in Sources */,
				442CE98B22846DD4008E0C93 /* String+Components.swift in Sources */,
				442CE98C22846DD4008E0C93 /* UIStackView+createBorder.swift in Sources */,
				442CE98D22846DD4008E0C93 /* LoadingDelegate.swift in Sources */,
				442CE98E22846DD4008E0C93 /* DidFailable.swift in Sources */,
				442CE98F22846DD4008E0C93 /* Popable.swift in Sources */,
				442CE99022846DD4008E0C93 /* HasViewController.swift in Sources */,
				442CE99122846DD4008E0C93 /* DisplaysAlert.swift in Sources */,
				442CE99222846DD4008E0C93 /* PhoneFormatter.swift in Sources */,
				442CE99322846DD4008E0C93 /* RatingsView.swift in Sources */,
				442CE99422846DD4008E0C93 /* EmptyContentView.swift in Sources */,
				442CE99522846DD4008E0C93 /* ButtonWithImage.swift in Sources */,
				442CE99622846DD4008E0C93 /* Alerts.swift in Sources */,
				442CE99722846DD4008E0C93 /* MonsterStepper.swift in Sources */,
			);
			runOnlyForDeploymentPostprocessing = 0;
		};
/* End PBXSourcesBuildPhase section */

/* Begin PBXVariantGroup section */
		440FBB3B20F476EB000EE3D2 /* Main.storyboard */ = {
			isa = PBXVariantGroup;
			children = (
				440FBB3C20F476EB000EE3D2 /* Base */,
			);
			name = Main.storyboard;
			sourceTree = "<group>";
		};
		440FBB4020F476EE000EE3D2 /* LaunchScreen.storyboard */ = {
			isa = PBXVariantGroup;
			children = (
				440FBB4120F476EE000EE3D2 /* Base */,
			);
			name = LaunchScreen.storyboard;
			sourceTree = "<group>";
		};
/* End PBXVariantGroup section */

/* Begin XCBuildConfiguration section */
		440FBB4420F476EE000EE3D2 /* Debug */ = {
			isa = XCBuildConfiguration;
			buildSettings = {
				ALWAYS_SEARCH_USER_PATHS = NO;
				CLANG_ANALYZER_NONNULL = YES;
				CLANG_ANALYZER_NUMBER_OBJECT_CONVERSION = YES_AGGRESSIVE;
				CLANG_CXX_LANGUAGE_STANDARD = "gnu++14";
				CLANG_CXX_LIBRARY = "libc++";
				CLANG_ENABLE_MODULES = YES;
				CLANG_ENABLE_OBJC_ARC = YES;
				CLANG_ENABLE_OBJC_WEAK = YES;
				CLANG_WARN_BLOCK_CAPTURE_AUTORELEASING = YES;
				CLANG_WARN_BOOL_CONVERSION = YES;
				CLANG_WARN_COMMA = YES;
				CLANG_WARN_CONSTANT_CONVERSION = YES;
				CLANG_WARN_DEPRECATED_OBJC_IMPLEMENTATIONS = YES;
				CLANG_WARN_DIRECT_OBJC_ISA_USAGE = YES_ERROR;
				CLANG_WARN_DOCUMENTATION_COMMENTS = YES;
				CLANG_WARN_EMPTY_BODY = YES;
				CLANG_WARN_ENUM_CONVERSION = YES;
				CLANG_WARN_INFINITE_RECURSION = YES;
				CLANG_WARN_INT_CONVERSION = YES;
				CLANG_WARN_NON_LITERAL_NULL_CONVERSION = YES;
				CLANG_WARN_OBJC_IMPLICIT_RETAIN_SELF = YES;
				CLANG_WARN_OBJC_LITERAL_CONVERSION = YES;
				CLANG_WARN_OBJC_ROOT_CLASS = YES_ERROR;
				CLANG_WARN_RANGE_LOOP_ANALYSIS = YES;
				CLANG_WARN_STRICT_PROTOTYPES = YES;
				CLANG_WARN_SUSPICIOUS_MOVE = YES;
				CLANG_WARN_UNGUARDED_AVAILABILITY = YES_AGGRESSIVE;
				CLANG_WARN_UNREACHABLE_CODE = YES;
				CLANG_WARN__DUPLICATE_METHOD_MATCH = YES;
				CODE_SIGN_IDENTITY = "iPhone Developer";
				COPY_PHASE_STRIP = NO;
				DEBUG_INFORMATION_FORMAT = dwarf;
				ENABLE_STRICT_OBJC_MSGSEND = YES;
				ENABLE_TESTABILITY = YES;
				GCC_C_LANGUAGE_STANDARD = gnu11;
				GCC_DYNAMIC_NO_PIC = NO;
				GCC_NO_COMMON_BLOCKS = YES;
				GCC_OPTIMIZATION_LEVEL = 0;
				GCC_PREPROCESSOR_DEFINITIONS = (
					"DEBUG=1",
					"$(inherited)",
				);
				GCC_WARN_64_TO_32_BIT_CONVERSION = YES;
				GCC_WARN_ABOUT_RETURN_TYPE = YES_ERROR;
				GCC_WARN_UNDECLARED_SELECTOR = YES;
				GCC_WARN_UNINITIALIZED_AUTOS = YES_AGGRESSIVE;
				GCC_WARN_UNUSED_FUNCTION = YES;
				GCC_WARN_UNUSED_VARIABLE = YES;
				IPHONEOS_DEPLOYMENT_TARGET = 11.4;
				MTL_ENABLE_DEBUG_INFO = YES;
				ONLY_ACTIVE_ARCH = YES;
				SDKROOT = iphoneos;
				SWIFT_ACTIVE_COMPILATION_CONDITIONS = DEBUG;
				SWIFT_OPTIMIZATION_LEVEL = "-Onone";
			};
			name = Debug;
		};
		440FBB4520F476EE000EE3D2 /* Release */ = {
			isa = XCBuildConfiguration;
			buildSettings = {
				ALWAYS_SEARCH_USER_PATHS = NO;
				CLANG_ANALYZER_NONNULL = YES;
				CLANG_ANALYZER_NUMBER_OBJECT_CONVERSION = YES_AGGRESSIVE;
				CLANG_CXX_LANGUAGE_STANDARD = "gnu++14";
				CLANG_CXX_LIBRARY = "libc++";
				CLANG_ENABLE_MODULES = YES;
				CLANG_ENABLE_OBJC_ARC = YES;
				CLANG_ENABLE_OBJC_WEAK = YES;
				CLANG_WARN_BLOCK_CAPTURE_AUTORELEASING = YES;
				CLANG_WARN_BOOL_CONVERSION = YES;
				CLANG_WARN_COMMA = YES;
				CLANG_WARN_CONSTANT_CONVERSION = YES;
				CLANG_WARN_DEPRECATED_OBJC_IMPLEMENTATIONS = YES;
				CLANG_WARN_DIRECT_OBJC_ISA_USAGE = YES_ERROR;
				CLANG_WARN_DOCUMENTATION_COMMENTS = YES;
				CLANG_WARN_EMPTY_BODY = YES;
				CLANG_WARN_ENUM_CONVERSION = YES;
				CLANG_WARN_INFINITE_RECURSION = YES;
				CLANG_WARN_INT_CONVERSION = YES;
				CLANG_WARN_NON_LITERAL_NULL_CONVERSION = YES;
				CLANG_WARN_OBJC_IMPLICIT_RETAIN_SELF = YES;
				CLANG_WARN_OBJC_LITERAL_CONVERSION = YES;
				CLANG_WARN_OBJC_ROOT_CLASS = YES_ERROR;
				CLANG_WARN_RANGE_LOOP_ANALYSIS = YES;
				CLANG_WARN_STRICT_PROTOTYPES = YES;
				CLANG_WARN_SUSPICIOUS_MOVE = YES;
				CLANG_WARN_UNGUARDED_AVAILABILITY = YES_AGGRESSIVE;
				CLANG_WARN_UNREACHABLE_CODE = YES;
				CLANG_WARN__DUPLICATE_METHOD_MATCH = YES;
				CODE_SIGN_IDENTITY = "iPhone Developer";
				COPY_PHASE_STRIP = NO;
				DEBUG_INFORMATION_FORMAT = "dwarf-with-dsym";
				ENABLE_NS_ASSERTIONS = NO;
				ENABLE_STRICT_OBJC_MSGSEND = YES;
				GCC_C_LANGUAGE_STANDARD = gnu11;
				GCC_NO_COMMON_BLOCKS = YES;
				GCC_WARN_64_TO_32_BIT_CONVERSION = YES;
				GCC_WARN_ABOUT_RETURN_TYPE = YES_ERROR;
				GCC_WARN_UNDECLARED_SELECTOR = YES;
				GCC_WARN_UNINITIALIZED_AUTOS = YES_AGGRESSIVE;
				GCC_WARN_UNUSED_FUNCTION = YES;
				GCC_WARN_UNUSED_VARIABLE = YES;
				IPHONEOS_DEPLOYMENT_TARGET = 11.4;
				MTL_ENABLE_DEBUG_INFO = NO;
				SDKROOT = iphoneos;
				SWIFT_COMPILATION_MODE = wholemodule;
				SWIFT_OPTIMIZATION_LEVEL = "-O";
				VALIDATE_PRODUCT = YES;
			};
			name = Release;
		};
		440FBB4720F476EE000EE3D2 /* Debug */ = {
			isa = XCBuildConfiguration;
			buildSettings = {
				ASSETCATALOG_COMPILER_APPICON_NAME = AppIcon;
				CODE_SIGN_STYLE = Automatic;
				DEVELOPMENT_TEAM = DWLNFPCE6H;
				INFOPLIST_FILE = "$(SRCROOT)/start/Info.plist";
				LD_RUNPATH_SEARCH_PATHS = (
					"$(inherited)",
					"@executable_path/Frameworks",
				);
				PRODUCT_BUNDLE_IDENTIFIER = com.lobster.SharedCode;
				PRODUCT_NAME = "$(TARGET_NAME)";
				SWIFT_VERSION = 4.0;
				TARGETED_DEVICE_FAMILY = "1,2";
			};
			name = Debug;
		};
		440FBB4820F476EE000EE3D2 /* Release */ = {
			isa = XCBuildConfiguration;
			buildSettings = {
				ASSETCATALOG_COMPILER_APPICON_NAME = AppIcon;
				CODE_SIGN_STYLE = Automatic;
				DEVELOPMENT_TEAM = DWLNFPCE6H;
				INFOPLIST_FILE = "$(SRCROOT)/start/Info.plist";
				LD_RUNPATH_SEARCH_PATHS = (
					"$(inherited)",
					"@executable_path/Frameworks",
				);
				PRODUCT_BUNDLE_IDENTIFIER = com.lobster.SharedCode;
				PRODUCT_NAME = "$(TARGET_NAME)";
				SWIFT_VERSION = 4.0;
				TARGETED_DEVICE_FAMILY = "1,2";
			};
			name = Release;
		};
		442CE93A228466AE008E0C93 /* Debug */ = {
			isa = XCBuildConfiguration;
			buildSettings = {
				CODE_SIGN_IDENTITY = "";
				CODE_SIGN_STYLE = Automatic;
				CURRENT_PROJECT_VERSION = 1;
				DEFINES_MODULE = YES;
				DEVELOPMENT_TEAM = DWLNFPCE6H;
				DYLIB_COMPATIBILITY_VERSION = 1;
				DYLIB_CURRENT_VERSION = 1;
				DYLIB_INSTALL_NAME_BASE = "@rpath";
				INFOPLIST_FILE = SharedCodeFramework/Info.plist;
				INSTALL_PATH = "$(LOCAL_LIBRARY_DIR)/Frameworks";
				IPHONEOS_DEPLOYMENT_TARGET = 12.1;
				LD_RUNPATH_SEARCH_PATHS = (
					"$(inherited)",
					"@executable_path/Frameworks",
					"@loader_path/Frameworks",
				);
				MTL_ENABLE_DEBUG_INFO = INCLUDE_SOURCE;
				MTL_FAST_MATH = YES;
				PRODUCT_BUNDLE_IDENTIFIER = com.lobster.SharedCodeFramework;
				PRODUCT_NAME = "$(TARGET_NAME:c99extidentifier)";
				SKIP_INSTALL = YES;
				SWIFT_VERSION = 4.2;
				TARGETED_DEVICE_FAMILY = "1,2";
				VERSIONING_SYSTEM = "apple-generic";
				VERSION_INFO_PREFIX = "";
			};
			name = Debug;
		};
		442CE93B228466AE008E0C93 /* Release */ = {
			isa = XCBuildConfiguration;
			buildSettings = {
				CODE_SIGN_IDENTITY = "";
				CODE_SIGN_STYLE = Automatic;
				CURRENT_PROJECT_VERSION = 1;
				DEFINES_MODULE = YES;
				DEVELOPMENT_TEAM = DWLNFPCE6H;
				DYLIB_COMPATIBILITY_VERSION = 1;
				DYLIB_CURRENT_VERSION = 1;
				DYLIB_INSTALL_NAME_BASE = "@rpath";
				INFOPLIST_FILE = SharedCodeFramework/Info.plist;
				INSTALL_PATH = "$(LOCAL_LIBRARY_DIR)/Frameworks";
				IPHONEOS_DEPLOYMENT_TARGET = 12.1;
				LD_RUNPATH_SEARCH_PATHS = (
					"$(inherited)",
					"@executable_path/Frameworks",
					"@loader_path/Frameworks",
				);
				MTL_FAST_MATH = YES;
				PRODUCT_BUNDLE_IDENTIFIER = com.lobster.SharedCodeFramework;
				PRODUCT_NAME = "$(TARGET_NAME:c99extidentifier)";
				SKIP_INSTALL = YES;
				SWIFT_VERSION = 4.2;
				TARGETED_DEVICE_FAMILY = "1,2";
				VERSIONING_SYSTEM = "apple-generic";
				VERSION_INFO_PREFIX = "";
			};
			name = Release;
		};
/* End XCBuildConfiguration section */

/* Begin XCConfigurationList section */
		440FBB2F20F476EB000EE3D2 /* Build configuration list for PBXProject "SharedCode" */ = {
			isa = XCConfigurationList;
			buildConfigurations = (
				440FBB4420F476EE000EE3D2 /* Debug */,
				440FBB4520F476EE000EE3D2 /* Release */,
			);
			defaultConfigurationIsVisible = 0;
			defaultConfigurationName = Release;
		};
		440FBB4620F476EE000EE3D2 /* Build configuration list for PBXNativeTarget "SharedCode" */ = {
			isa = XCConfigurationList;
			buildConfigurations = (
				440FBB4720F476EE000EE3D2 /* Debug */,
				440FBB4820F476EE000EE3D2 /* Release */,
			);
			defaultConfigurationIsVisible = 0;
			defaultConfigurationName = Release;
		};
		442CE939228466AE008E0C93 /* Build configuration list for PBXNativeTarget "SharedCodeFramework" */ = {
			isa = XCConfigurationList;
			buildConfigurations = (
				442CE93A228466AE008E0C93 /* Debug */,
				442CE93B228466AE008E0C93 /* Release */,
			);
			defaultConfigurationIsVisible = 0;
			defaultConfigurationName = Release;
		};
/* End XCConfigurationList section */
	};
	rootObject = 440FBB2C20F476EB000EE3D2 /* Project object */;
}
